
Microsoft Visual Studio Solution File, Format Version 12.00
# Visual Studio Version 17
VisualStudioVersion = 17.3.32922.545
MinimumVisualStudioVersion = 10.0.40219.1
Project("{FAE04EC0-301F-11D3-BF4B-00C04F79EFBC}") = "TurnoverApp", "TurnoverApp\TurnoverApp.csproj", "{090BCF42-BFA2-48F7-B240-B82B1747EDF0}"
EndProject
Project("{FAE04EC0-301F-11D3-BF4B-00C04F79EFBC}") = "CustomElementControl", "CustomElementControl\CustomElementControl.csproj", "{AF7F5055-A757-4F3E-BDE6-0CBC900AE370}"
EndProject
Global
	GlobalSection(SolutionConfigurationPlatforms) = preSolution
		Debug|Any CPU = Debug|Any CPU
		Release|Any CPU = Release|Any CPU
	EndGlobalSection
	GlobalSection(ProjectConfigurationPlatforms) = postSolution
		{090BCF42-BFA2-48F7-B240-B82B1747EDF0}.Debug|Any CPU.ActiveCfg = Debug|Any CPU
		{090BCF42-BFA2-48F7-B240-B82B1747EDF0}.Debug|Any CPU.Build.0 = Debug|Any CPU
		{090BCF42-BFA2-48F7-B240-B82B1747EDF0}.Release|Any CPU.ActiveCfg = Release|Any CPU
		{090BCF42-BFA2-48F7-B240-B82B1747EDF0}.Release|Any CPU.Build.0 = Release|Any CPU
		{AF7F5055-A757-4F3E-BDE6-0CBC900AE370}.Debug|Any CPU.ActiveCfg = Debug|Any CPU
		{AF7F5055-A757-4F3E-BDE6-0CBC900AE370}.Debug|Any CPU.Build.0 = Debug|Any CPU
		{AF7F5055-A757-4F3E-BDE6-0CBC900AE370}.Release|Any CPU.ActiveCfg = Release|Any CPU
		{AF7F5055-A757-4F3E-BDE6-0CBC900AE370}.Release|Any CPU.Build.0 = Release|Any CPU
	EndGlobalSection
	GlobalSection(SolutionProperties) = preSolution
		HideSolutionNode = FALSE
	EndGlobalSection
	GlobalSection(ExtensibilityGlobals) = postSolution
		SolutionGuid = {D0F7CAF9-6D34-42AD-B52D-81FA083C2EE5}
	EndGlobalSection
EndGlobal
